
Microsoft Visual Studio Solution File, Format Version 12.00
# Visual Studio 14
VisualStudioVersion = 14.0.25420.1
MinimumVisualStudioVersion = 10.0.40219.1
Project("{FAE04EC0-301F-11D3-BF4B-00C04F79EFBC}") = "Phoneword.Droid", "Phoneword\Phoneword.Droid\Phoneword.Droid.csproj", "{7482921D-4E84-48C6-A722-E9FB621262E3}"
EndProject
Project("{FAE04EC0-301F-11D3-BF4B-00C04F79EFBC}") = "Phoneword.iOS", "Phoneword\Phoneword.iOS\Phoneword.iOS.csproj", "{ACDB4B0C-6D3D-4F36-8DF8-1B2EFD59FA6C}"
EndProject
Project("{FAE04EC0-301F-11D3-BF4B-00C04F79EFBC}") = "Phoneword.WinPhone", "Phoneword\Phoneword.WinPhone\Phoneword.WinPhone.csproj", "{476A9DC1-F623-48CC-BCB8-2C0BDC9F71A9}"
EndProject
Project("{FAE04EC0-301F-11D3-BF4B-00C04F79EFBC}") = "Phoneword.UWP", "Phoneword\Phoneword.UWP\Phoneword.UWP.csproj", "{27F3D2A8-6180-472B-BE99-7AFCFE9F0304}"
EndProject
Project("{FAE04EC0-301F-11D3-BF4B-00C04F79EFBC}") = "Phoneword.Windows", "Phoneword\Phoneword.Windows\Phoneword.Windows.csproj", "{ED87FBEC-9D73-441C-93BA-B014C3A2C914}"
EndProject
Project("{FAE04EC0-301F-11D3-BF4B-00C04F79EFBC}") = "Phoneword", "Phoneword\Phoneword\Phoneword.csproj", "{5084D238-2850-48E3-882F-A4D519F903E5}"
EndProject
Global
	GlobalSection(SolutionConfigurationPlatforms) = preSolution
		Ad-Hoc|Any CPU = Ad-Hoc|Any CPU
		Ad-Hoc|ARM = Ad-Hoc|ARM
		Ad-Hoc|iPhone = Ad-Hoc|iPhone
		Ad-Hoc|iPhoneSimulator = Ad-Hoc|iPhoneSimulator
		Ad-Hoc|x64 = Ad-Hoc|x64
		Ad-Hoc|x86 = Ad-Hoc|x86
		AppStore|Any CPU = AppStore|Any CPU
		AppStore|ARM = AppStore|ARM
		AppStore|iPhone = AppStore|iPhone
		AppStore|iPhoneSimulator = AppStore|iPhoneSimulator
		AppStore|x64 = AppStore|x64
		AppStore|x86 = AppStore|x86
		Debug|Any CPU = Debug|Any CPU
		Debug|ARM = Debug|ARM
		Debug|iPhone = Debug|iPhone
		Debug|iPhoneSimulator = Debug|iPhoneSimulator
		Debug|x64 = Debug|x64
		Debug|x86 = Debug|x86
		Release|Any CPU = Release|Any CPU
		Release|ARM = Release|ARM
		Release|iPhone = Release|iPhone
		Release|iPhoneSimulator = Release|iPhoneSimulator
		Release|x64 = Release|x64
		Release|x86 = Release|x86
	EndGlobalSection
	GlobalSection(ProjectConfigurationPlatforms) = postSolution
		{7482921D-4E84-48C6-A722-E9FB621262E3}.Ad-Hoc|Any CPU.ActiveCfg = Release|Any CPU
		{7482921D-4E84-48C6-A722-E9FB621262E3}.Ad-Hoc|Any CPU.Build.0 = Release|Any CPU
		{7482921D-4E84-48C6-A722-E9FB621262E3}.Ad-Hoc|Any CPU.Deploy.0 = Release|Any CPU
		{7482921D-4E84-48C6-A722-E9FB621262E3}.Ad-Hoc|ARM.ActiveCfg = Release|Any CPU
		{7482921D-4E84-48C6-A722-E9FB621262E3}.Ad-Hoc|ARM.Build.0 = Release|Any CPU
		{7482921D-4E84-48C6-A722-E9FB621262E3}.Ad-Hoc|ARM.Deploy.0 = Release|Any CPU
		{7482921D-4E84-48C6-A722-E9FB621262E3}.Ad-Hoc|iPhone.ActiveCfg = Release|Any CPU
		{7482921D-4E84-48C6-A722-E9FB621262E3}.Ad-Hoc|iPhone.Build.0 = Release|Any CPU
		{7482921D-4E84-48C6-A722-E9FB621262E3}.Ad-Hoc|iPhone.Deploy.0 = Release|Any CPU
		{7482921D-4E84-48C6-A722-E9FB621262E3}.Ad-Hoc|iPhoneSimulator.ActiveCfg = Release|Any CPU
		{7482921D-4E84-48C6-A722-E9FB621262E3}.Ad-Hoc|iPhoneSimulator.Build.0 = Release|Any CPU
		{7482921D-4E84-48C6-A722-E9FB621262E3}.Ad-Hoc|iPhoneSimulator.Deploy.0 = Release|Any CPU
		{7482921D-4E84-48C6-A722-E9FB621262E3}.Ad-Hoc|x64.ActiveCfg = Release|Any CPU
		{7482921D-4E84-48C6-A722-E9FB621262E3}.Ad-Hoc|x64.Build.0 = Release|Any CPU
		{7482921D-4E84-48C6-A722-E9FB621262E3}.Ad-Hoc|x64.Deploy.0 = Release|Any CPU
		{7482921D-4E84-48C6-A722-E9FB621262E3}.Ad-Hoc|x86.ActiveCfg = Release|Any CPU
		{7482921D-4E84-48C6-A722-E9FB621262E3}.Ad-Hoc|x86.Build.0 = Release|Any CPU
		{7482921D-4E84-48C6-A722-E9FB621262E3}.Ad-Hoc|x86.Deploy.0 = Release|Any CPU
		{7482921D-4E84-48C6-A722-E9FB621262E3}.AppStore|Any CPU.ActiveCfg = Release|Any CPU
		{7482921D-4E84-48C6-A722-E9FB621262E3}.AppStore|Any CPU.Build.0 = Release|Any CPU
		{7482921D-4E84-48C6-A722-E9FB621262E3}.AppStore|Any CPU.Deploy.0 = Release|Any CPU
		{7482921D-4E84-48C6-A722-E9FB621262E3}.AppStore|ARM.ActiveCfg = Release|Any CPU
		{7482921D-4E84-48C6-A722-E9FB621262E3}.AppStore|ARM.Build.0 = Release|Any CPU
		{7482921D-4E84-48C6-A722-E9FB621262E3}.AppStore|ARM.Deploy.0 = Release|Any CPU
		{7482921D-4E84-48C6-A722-E9FB621262E3}.AppStore|iPhone.ActiveCfg = Release|Any CPU
		{7482921D-4E84-48C6-A722-E9FB621262E3}.AppStore|iPhone.Build.0 = Release|Any CPU
		{7482921D-4E84-48C6-A722-E9FB621262E3}.AppStore|iPhone.Deploy.0 = Release|Any CPU
		{7482921D-4E84-48C6-A722-E9FB621262E3}.AppStore|iPhoneSimulator.ActiveCfg = Release|Any CPU
		{7482921D-4E84-48C6-A722-E9FB621262E3}.AppStore|iPhoneSimulator.Build.0 = Release|Any CPU
		{7482921D-4E84-48C6-A722-E9FB621262E3}.AppStore|iPhoneSimulator.Deploy.0 = Release|Any CPU
		{7482921D-4E84-48C6-A722-E9FB621262E3}.AppStore|x64.ActiveCfg = Release|Any CPU
		{7482921D-4E84-48C6-A722-E9FB621262E3}.AppStore|x64.Build.0 = Release|Any CPU
		{7482921D-4E84-48C6-A722-E9FB621262E3}.AppStore|x64.Deploy.0 = Release|Any CPU
		{7482921D-4E84-48C6-A722-E9FB621262E3}.AppStore|x86.ActiveCfg = Release|Any CPU
		{7482921D-4E84-48C6-A722-E9FB621262E3}.AppStore|x86.Build.0 = Release|Any CPU
		{7482921D-4E84-48C6-A722-E9FB621262E3}.AppStore|x86.Deploy.0 = Release|Any CPU
		{7482921D-4E84-48C6-A722-E9FB621262E3}.Debug|Any CPU.ActiveCfg = Debug|Any CPU
		{7482921D-4E84-48C6-A722-E9FB621262E3}.Debug|Any CPU.Build.0 = Debug|Any CPU
		{7482921D-4E84-48C6-A722-E9FB621262E3}.Debug|Any CPU.Deploy.0 = Debug|Any CPU
		{7482921D-4E84-48C6-A722-E9FB621262E3}.Debug|ARM.ActiveCfg = Debug|Any CPU
		{7482921D-4E84-48C6-A722-E9FB621262E3}.Debug|ARM.Build.0 = Debug|Any CPU
		{7482921D-4E84-48C6-A722-E9FB621262E3}.Debug|ARM.Deploy.0 = Debug|Any CPU
		{7482921D-4E84-48C6-A722-E9FB621262E3}.Debug|iPhone.ActiveCfg = Debug|Any CPU
		{7482921D-4E84-48C6-A722-E9FB621262E3}.Debug|iPhone.Build.0 = Debug|Any CPU
		{7482921D-4E84-48C6-A722-E9FB621262E3}.Debug|iPhone.Deploy.0 = Debug|Any CPU
		{7482921D-4E84-48C6-A722-E9FB621262E3}.Debug|iPhoneSimulator.ActiveCfg = Debug|Any CPU
		{7482921D-4E84-48C6-A722-E9FB621262E3}.Debug|iPhoneSimulator.Build.0 = Debug|Any CPU
		{7482921D-4E84-48C6-A722-E9FB621262E3}.Debug|iPhoneSimulator.Deploy.0 = Debug|Any CPU
		{7482921D-4E84-48C6-A722-E9FB621262E3}.Debug|x64.ActiveCfg = Debug|Any CPU
		{7482921D-4E84-48C6-A722-E9FB621262E3}.Debug|x64.Build.0 = Debug|Any CPU
		{7482921D-4E84-48C6-A722-E9FB621262E3}.Debug|x64.Deploy.0 = Debug|Any CPU
		{7482921D-4E84-48C6-A722-E9FB621262E3}.Debug|x86.ActiveCfg = Debug|Any CPU
		{7482921D-4E84-48C6-A722-E9FB621262E3}.Debug|x86.Build.0 = Debug|Any CPU
		{7482921D-4E84-48C6-A722-E9FB621262E3}.Debug|x86.Deploy.0 = Debug|Any CPU
		{7482921D-4E84-48C6-A722-E9FB621262E3}.Release|Any CPU.ActiveCfg = Release|Any CPU
		{7482921D-4E84-48C6-A722-E9FB621262E3}.Release|Any CPU.Build.0 = Release|Any CPU
		{7482921D-4E84-48C6-A722-E9FB621262E3}.Release|Any CPU.Deploy.0 = Release|Any CPU
		{7482921D-4E84-48C6-A722-E9FB621262E3}.Release|ARM.ActiveCfg = Release|Any CPU
		{7482921D-4E84-48C6-A722-E9FB621262E3}.Release|ARM.Build.0 = Release|Any CPU
		{7482921D-4E84-48C6-A722-E9FB621262E3}.Release|ARM.Deploy.0 = Release|Any CPU
		{7482921D-4E84-48C6-A722-E9FB621262E3}.Release|iPhone.ActiveCfg = Release|Any CPU
		{7482921D-4E84-48C6-A722-E9FB621262E3}.Release|iPhone.Build.0 = Release|Any CPU
		{7482921D-4E84-48C6-A722-E9FB621262E3}.Release|iPhone.Deploy.0 = Release|Any CPU
		{7482921D-4E84-48C6-A722-E9FB621262E3}.Release|iPhoneSimulator.ActiveCfg = Release|Any CPU
		{7482921D-4E84-48C6-A722-E9FB621262E3}.Release|iPhoneSimulator.Build.0 = Release|Any CPU
		{7482921D-4E84-48C6-A722-E9FB621262E3}.Release|iPhoneSimulator.Deploy.0 = Release|Any CPU
		{7482921D-4E84-48C6-A722-E9FB621262E3}.Release|x64.ActiveCfg = Release|Any CPU
		{7482921D-4E84-48C6-A722-E9FB621262E3}.Release|x64.Build.0 = Release|Any CPU
		{7482921D-4E84-48C6-A722-E9FB621262E3}.Release|x64.Deploy.0 = Release|Any CPU
		{7482921D-4E84-48C6-A722-E9FB621262E3}.Release|x86.ActiveCfg = Release|Any CPU
		{7482921D-4E84-48C6-A722-E9FB621262E3}.Release|x86.Build.0 = Release|Any CPU
		{7482921D-4E84-48C6-A722-E9FB621262E3}.Release|x86.Deploy.0 = Release|Any CPU
		{ACDB4B0C-6D3D-4F36-8DF8-1B2EFD59FA6C}.Ad-Hoc|Any CPU.ActiveCfg = Ad-Hoc|iPhone
		{ACDB4B0C-6D3D-4F36-8DF8-1B2EFD59FA6C}.Ad-Hoc|ARM.ActiveCfg = Ad-Hoc|iPhone
		{ACDB4B0C-6D3D-4F36-8DF8-1B2EFD59FA6C}.Ad-Hoc|iPhone.ActiveCfg = Ad-Hoc|iPhone
		{ACDB4B0C-6D3D-4F36-8DF8-1B2EFD59FA6C}.Ad-Hoc|iPhone.Build.0 = Ad-Hoc|iPhone
		{ACDB4B0C-6D3D-4F36-8DF8-1B2EFD59FA6C}.Ad-Hoc|iPhoneSimulator.ActiveCfg = Ad-Hoc|iPhoneSimulator
		{ACDB4B0C-6D3D-4F36-8DF8-1B2EFD59FA6C}.Ad-Hoc|iPhoneSimulator.Build.0 = Ad-Hoc|iPhoneSimulator
		{ACDB4B0C-6D3D-4F36-8DF8-1B2EFD59FA6C}.Ad-Hoc|x64.ActiveCfg = Ad-Hoc|iPhone
		{ACDB4B0C-6D3D-4F36-8DF8-1B2EFD59FA6C}.Ad-Hoc|x86.ActiveCfg = Ad-Hoc|iPhone
		{ACDB4B0C-6D3D-4F36-8DF8-1B2EFD59FA6C}.AppStore|Any CPU.ActiveCfg = AppStore|iPhone
		{ACDB4B0C-6D3D-4F36-8DF8-1B2EFD59FA6C}.AppStore|ARM.ActiveCfg = AppStore|iPhone
		{ACDB4B0C-6D3D-4F36-8DF8-1B2EFD59FA6C}.AppStore|iPhone.ActiveCfg = AppStore|iPhone
		{ACDB4B0C-6D3D-4F36-8DF8-1B2EFD59FA6C}.AppStore|iPhone.Build.0 = AppStore|iPhone
		{ACDB4B0C-6D3D-4F36-8DF8-1B2EFD59FA6C}.AppStore|iPhoneSimulator.ActiveCfg = AppStore|iPhoneSimulator
		{ACDB4B0C-6D3D-4F36-8DF8-1B2EFD59FA6C}.AppStore|iPhoneSimulator.Build.0 = AppStore|iPhoneSimulator
		{ACDB4B0C-6D3D-4F36-8DF8-1B2EFD59FA6C}.AppStore|x64.ActiveCfg = AppStore|iPhone
		{ACDB4B0C-6D3D-4F36-8DF8-1B2EFD59FA6C}.AppStore|x86.ActiveCfg = AppStore|iPhone
		{ACDB4B0C-6D3D-4F36-8DF8-1B2EFD59FA6C}.Debug|Any CPU.ActiveCfg = Debug|iPhone
		{ACDB4B0C-6D3D-4F36-8DF8-1B2EFD59FA6C}.Debug|ARM.ActiveCfg = Debug|iPhone
		{ACDB4B0C-6D3D-4F36-8DF8-1B2EFD59FA6C}.Debug|iPhone.ActiveCfg = Debug|iPhone
		{ACDB4B0C-6D3D-4F36-8DF8-1B2EFD59FA6C}.Debug|iPhone.Build.0 = Debug|iPhone
		{ACDB4B0C-6D3D-4F36-8DF8-1B2EFD59FA6C}.Debug|iPhoneSimulator.ActiveCfg = Debug|iPhoneSimulator
		{ACDB4B0C-6D3D-4F36-8DF8-1B2EFD59FA6C}.Debug|iPhoneSimulator.Build.0 = Debug|iPhoneSimulator
		{ACDB4B0C-6D3D-4F36-8DF8-1B2EFD59FA6C}.Debug|x64.ActiveCfg = Debug|iPhone
		{ACDB4B0C-6D3D-4F36-8DF8-1B2EFD59FA6C}.Debug|x86.ActiveCfg = Debug|iPhone
		{ACDB4B0C-6D3D-4F36-8DF8-1B2EFD59FA6C}.Release|Any CPU.ActiveCfg = Release|iPhone
		{ACDB4B0C-6D3D-4F36-8DF8-1B2EFD59FA6C}.Release|ARM.ActiveCfg = Release|iPhone
		{ACDB4B0C-6D3D-4F36-8DF8-1B2EFD59FA6C}.Release|iPhone.ActiveCfg = Release|iPhone
		{ACDB4B0C-6D3D-4F36-8DF8-1B2EFD59FA6C}.Release|iPhone.Build.0 = Release|iPhone
		{ACDB4B0C-6D3D-4F36-8DF8-1B2EFD59FA6C}.Release|iPhoneSimulator.ActiveCfg = Release|iPhoneSimulator
		{ACDB4B0C-6D3D-4F36-8DF8-1B2EFD59FA6C}.Release|iPhoneSimulator.Build.0 = Release|iPhoneSimulator
		{ACDB4B0C-6D3D-4F36-8DF8-1B2EFD59FA6C}.Release|x64.ActiveCfg = Release|iPhone
		{ACDB4B0C-6D3D-4F36-8DF8-1B2EFD59FA6C}.Release|x86.ActiveCfg = Release|iPhone
		{476A9DC1-F623-48CC-BCB8-2C0BDC9F71A9}.Ad-Hoc|Any CPU.ActiveCfg = Release|Any CPU
		{476A9DC1-F623-48CC-BCB8-2C0BDC9F71A9}.Ad-Hoc|Any CPU.Build.0 = Release|Any CPU
		{476A9DC1-F623-48CC-BCB8-2C0BDC9F71A9}.Ad-Hoc|Any CPU.Deploy.0 = Release|Any CPU
		{476A9DC1-F623-48CC-BCB8-2C0BDC9F71A9}.Ad-Hoc|ARM.ActiveCfg = Release|ARM
		{476A9DC1-F623-48CC-BCB8-2C0BDC9F71A9}.Ad-Hoc|ARM.Build.0 = Release|ARM
		{476A9DC1-F623-48CC-BCB8-2C0BDC9F71A9}.Ad-Hoc|ARM.Deploy.0 = Release|ARM
		{476A9DC1-F623-48CC-BCB8-2C0BDC9F71A9}.Ad-Hoc|iPhone.ActiveCfg = Release|Any CPU
		{476A9DC1-F623-48CC-BCB8-2C0BDC9F71A9}.Ad-Hoc|iPhone.Build.0 = Release|Any CPU
		{476A9DC1-F623-48CC-BCB8-2C0BDC9F71A9}.Ad-Hoc|iPhone.Deploy.0 = Release|Any CPU
		{476A9DC1-F623-48CC-BCB8-2C0BDC9F71A9}.Ad-Hoc|iPhoneSimulator.ActiveCfg = Release|Any CPU
		{476A9DC1-F623-48CC-BCB8-2C0BDC9F71A9}.Ad-Hoc|iPhoneSimulator.Build.0 = Release|Any CPU
		{476A9DC1-F623-48CC-BCB8-2C0BDC9F71A9}.Ad-Hoc|iPhoneSimulator.Deploy.0 = Release|Any CPU
		{476A9DC1-F623-48CC-BCB8-2C0BDC9F71A9}.Ad-Hoc|x64.ActiveCfg = Release|Any CPU
		{476A9DC1-F623-48CC-BCB8-2C0BDC9F71A9}.Ad-Hoc|x64.Build.0 = Release|Any CPU
		{476A9DC1-F623-48CC-BCB8-2C0BDC9F71A9}.Ad-Hoc|x64.Deploy.0 = Release|Any CPU
		{476A9DC1-F623-48CC-BCB8-2C0BDC9F71A9}.Ad-Hoc|x86.ActiveCfg = Release|x86
		{476A9DC1-F623-48CC-BCB8-2C0BDC9F71A9}.Ad-Hoc|x86.Build.0 = Release|x86
		{476A9DC1-F623-48CC-BCB8-2C0BDC9F71A9}.Ad-Hoc|x86.Deploy.0 = Release|x86
		{476A9DC1-F623-48CC-BCB8-2C0BDC9F71A9}.AppStore|Any CPU.ActiveCfg = Release|Any CPU
		{476A9DC1-F623-48CC-BCB8-2C0BDC9F71A9}.AppStore|Any CPU.Build.0 = Release|Any CPU
		{476A9DC1-F623-48CC-BCB8-2C0BDC9F71A9}.AppStore|Any CPU.Deploy.0 = Release|Any CPU
		{476A9DC1-F623-48CC-BCB8-2C0BDC9F71A9}.AppStore|ARM.ActiveCfg = Release|ARM
		{476A9DC1-F623-48CC-BCB8-2C0BDC9F71A9}.AppStore|ARM.Build.0 = Release|ARM
		{476A9DC1-F623-48CC-BCB8-2C0BDC9F71A9}.AppStore|ARM.Deploy.0 = Release|ARM
		{476A9DC1-F623-48CC-BCB8-2C0BDC9F71A9}.AppStore|iPhone.ActiveCfg = Release|Any CPU
		{476A9DC1-F623-48CC-BCB8-2C0BDC9F71A9}.AppStore|iPhone.Build.0 = Release|Any CPU
		{476A9DC1-F623-48CC-BCB8-2C0BDC9F71A9}.AppStore|iPhone.Deploy.0 = Release|Any CPU
		{476A9DC1-F623-48CC-BCB8-2C0BDC9F71A9}.AppStore|iPhoneSimulator.ActiveCfg = Release|Any CPU
		{476A9DC1-F623-48CC-BCB8-2C0BDC9F71A9}.AppStore|iPhoneSimulator.Build.0 = Release|Any CPU
		{476A9DC1-F623-48CC-BCB8-2C0BDC9F71A9}.AppStore|iPhoneSimulator.Deploy.0 = Release|Any CPU
		{476A9DC1-F623-48CC-BCB8-2C0BDC9F71A9}.AppStore|x64.ActiveCfg = Release|Any CPU
		{476A9DC1-F623-48CC-BCB8-2C0BDC9F71A9}.AppStore|x64.Build.0 = Release|Any CPU
		{476A9DC1-F623-48CC-BCB8-2C0BDC9F71A9}.AppStore|x64.Deploy.0 = Release|Any CPU
		{476A9DC1-F623-48CC-BCB8-2C0BDC9F71A9}.AppStore|x86.ActiveCfg = Release|x86
		{476A9DC1-F623-48CC-BCB8-2C0BDC9F71A9}.AppStore|x86.Build.0 = Release|x86
		{476A9DC1-F623-48CC-BCB8-2C0BDC9F71A9}.AppStore|x86.Deploy.0 = Release|x86
		{476A9DC1-F623-48CC-BCB8-2C0BDC9F71A9}.Debug|Any CPU.ActiveCfg = Debug|Any CPU
		{476A9DC1-F623-48CC-BCB8-2C0BDC9F71A9}.Debug|Any CPU.Build.0 = Debug|Any CPU
		{476A9DC1-F623-48CC-BCB8-2C0BDC9F71A9}.Debug|Any CPU.Deploy.0 = Debug|Any CPU
		{476A9DC1-F623-48CC-BCB8-2C0BDC9F71A9}.Debug|ARM.ActiveCfg = Debug|ARM
		{476A9DC1-F623-48CC-BCB8-2C0BDC9F71A9}.Debug|ARM.Build.0 = Debug|ARM
		{476A9DC1-F623-48CC-BCB8-2C0BDC9F71A9}.Debug|ARM.Deploy.0 = Debug|ARM
		{476A9DC1-F623-48CC-BCB8-2C0BDC9F71A9}.Debug|iPhone.ActiveCfg = Debug|Any CPU
		{476A9DC1-F623-48CC-BCB8-2C0BDC9F71A9}.Debug|iPhone.Build.0 = Debug|Any CPU
		{476A9DC1-F623-48CC-BCB8-2C0BDC9F71A9}.Debug|iPhone.Deploy.0 = Debug|Any CPU
		{476A9DC1-F623-48CC-BCB8-2C0BDC9F71A9}.Debug|iPhoneSimulator.ActiveCfg = Debug|Any CPU
		{476A9DC1-F623-48CC-BCB8-2C0BDC9F71A9}.Debug|iPhoneSimulator.Build.0 = Debug|Any CPU
		{476A9DC1-F623-48CC-BCB8-2C0BDC9F71A9}.Debug|iPhoneSimulator.Deploy.0 = Debug|Any CPU
		{476A9DC1-F623-48CC-BCB8-2C0BDC9F71A9}.Debug|x64.ActiveCfg = Debug|Any CPU
		{476A9DC1-F623-48CC-BCB8-2C0BDC9F71A9}.Debug|x64.Build.0 = Debug|Any CPU
		{476A9DC1-F623-48CC-BCB8-2C0BDC9F71A9}.Debug|x64.Deploy.0 = Debug|Any CPU
		{476A9DC1-F623-48CC-BCB8-2C0BDC9F71A9}.Debug|x86.ActiveCfg = Debug|x86
		{476A9DC1-F623-48CC-BCB8-2C0BDC9F71A9}.Debug|x86.Build.0 = Debug|x86
		{476A9DC1-F623-48CC-BCB8-2C0BDC9F71A9}.Debug|x86.Deploy.0 = Debug|x86
		{476A9DC1-F623-48CC-BCB8-2C0BDC9F71A9}.Release|Any CPU.ActiveCfg = Release|Any CPU
		{476A9DC1-F623-48CC-BCB8-2C0BDC9F71A9}.Release|Any CPU.Build.0 = Release|Any CPU
		{476A9DC1-F623-48CC-BCB8-2C0BDC9F71A9}.Release|Any CPU.Deploy.0 = Release|Any CPU
		{476A9DC1-F623-48CC-BCB8-2C0BDC9F71A9}.Release|ARM.ActiveCfg = Release|ARM
		{476A9DC1-F623-48CC-BCB8-2C0BDC9F71A9}.Release|ARM.Build.0 = Release|ARM
		{476A9DC1-F623-48CC-BCB8-2C0BDC9F71A9}.Release|ARM.Deploy.0 = Release|ARM
		{476A9DC1-F623-48CC-BCB8-2C0BDC9F71A9}.Release|iPhone.ActiveCfg = Release|Any CPU
		{476A9DC1-F623-48CC-BCB8-2C0BDC9F71A9}.Release|iPhone.Build.0 = Release|Any CPU
		{476A9DC1-F623-48CC-BCB8-2C0BDC9F71A9}.Release|iPhone.Deploy.0 = Release|Any CPU
		{476A9DC1-F623-48CC-BCB8-2C0BDC9F71A9}.Release|iPhoneSimulator.ActiveCfg = Release|Any CPU
		{476A9DC1-F623-48CC-BCB8-2C0BDC9F71A9}.Release|iPhoneSimulator.Build.0 = Release|Any CPU
		{476A9DC1-F623-48CC-BCB8-2C0BDC9F71A9}.Release|iPhoneSimulator.Deploy.0 = Release|Any CPU
		{476A9DC1-F623-48CC-BCB8-2C0BDC9F71A9}.Release|x64.ActiveCfg = Release|Any CPU
		{476A9DC1-F623-48CC-BCB8-2C0BDC9F71A9}.Release|x64.Build.0 = Release|Any CPU
		{476A9DC1-F623-48CC-BCB8-2C0BDC9F71A9}.Release|x64.Deploy.0 = Release|Any CPU
		{476A9DC1-F623-48CC-BCB8-2C0BDC9F71A9}.Release|x86.ActiveCfg = Release|x86
		{476A9DC1-F623-48CC-BCB8-2C0BDC9F71A9}.Release|x86.Build.0 = Release|x86
		{476A9DC1-F623-48CC-BCB8-2C0BDC9F71A9}.Release|x86.Deploy.0 = Release|x86
		{27F3D2A8-6180-472B-BE99-7AFCFE9F0304}.Ad-Hoc|Any CPU.ActiveCfg = Release|x86
		{27F3D2A8-6180-472B-BE99-7AFCFE9F0304}.Ad-Hoc|Any CPU.Build.0 = Release|x86
		{27F3D2A8-6180-472B-BE99-7AFCFE9F0304}.Ad-Hoc|Any CPU.Deploy.0 = Release|x86
		{27F3D2A8-6180-472B-BE99-7AFCFE9F0304}.Ad-Hoc|ARM.ActiveCfg = Release|ARM
		{27F3D2A8-6180-472B-BE99-7AFCFE9F0304}.Ad-Hoc|ARM.Build.0 = Release|ARM
		{27F3D2A8-6180-472B-BE99-7AFCFE9F0304}.Ad-Hoc|ARM.Deploy.0 = Release|ARM
		{27F3D2A8-6180-472B-BE99-7AFCFE9F0304}.Ad-Hoc|iPhone.ActiveCfg = Release|x86
		{27F3D2A8-6180-472B-BE99-7AFCFE9F0304}.Ad-Hoc|iPhone.Build.0 = Release|x86
		{27F3D2A8-6180-472B-BE99-7AFCFE9F0304}.Ad-Hoc|iPhone.Deploy.0 = Release|x86
		{27F3D2A8-6180-472B-BE99-7AFCFE9F0304}.Ad-Hoc|iPhoneSimulator.ActiveCfg = Release|x86
		{27F3D2A8-6180-472B-BE99-7AFCFE9F0304}.Ad-Hoc|iPhoneSimulator.Build.0 = Release|x86
		{27F3D2A8-6180-472B-BE99-7AFCFE9F0304}.Ad-Hoc|iPhoneSimulator.Deploy.0 = Release|x86
		{27F3D2A8-6180-472B-BE99-7AFCFE9F0304}.Ad-Hoc|x64.ActiveCfg = Release|x64
		{27F3D2A8-6180-472B-BE99-7AFCFE9F0304}.Ad-Hoc|x64.Build.0 = Release|x64
		{27F3D2A8-6180-472B-BE99-7AFCFE9F0304}.Ad-Hoc|x64.Deploy.0 = Release|x64
		{27F3D2A8-6180-472B-BE99-7AFCFE9F0304}.Ad-Hoc|x86.ActiveCfg = Release|x86
		{27F3D2A8-6180-472B-BE99-7AFCFE9F0304}.Ad-Hoc|x86.Build.0 = Release|x86
		{27F3D2A8-6180-472B-BE99-7AFCFE9F0304}.Ad-Hoc|x86.Deploy.0 = Release|x86
		{27F3D2A8-6180-472B-BE99-7AFCFE9F0304}.AppStore|Any CPU.ActiveCfg = Release|x86
		{27F3D2A8-6180-472B-BE99-7AFCFE9F0304}.AppStore|Any CPU.Build.0 = Release|x86
		{27F3D2A8-6180-472B-BE99-7AFCFE9F0304}.AppStore|Any CPU.Deploy.0 = Release|x86
		{27F3D2A8-6180-472B-BE99-7AFCFE9F0304}.AppStore|ARM.ActiveCfg = Release|ARM
		{27F3D2A8-6180-472B-BE99-7AFCFE9F0304}.AppStore|ARM.Build.0 = Release|ARM
		{27F3D2A8-6180-472B-BE99-7AFCFE9F0304}.AppStore|ARM.Deploy.0 = Release|ARM
		{27F3D2A8-6180-472B-BE99-7AFCFE9F0304}.AppStore|iPhone.ActiveCfg = Release|x86
		{27F3D2A8-6180-472B-BE99-7AFCFE9F0304}.AppStore|iPhone.Build.0 = Release|x86
		{27F3D2A8-6180-472B-BE99-7AFCFE9F0304}.AppStore|iPhone.Deploy.0 = Release|x86
		{27F3D2A8-6180-472B-BE99-7AFCFE9F0304}.AppStore|iPhoneSimulator.ActiveCfg = Release|x86
		{27F3D2A8-6180-472B-BE99-7AFCFE9F0304}.AppStore|iPhoneSimulator.Build.0 = Release|x86
		{27F3D2A8-6180-472B-BE99-7AFCFE9F0304}.AppStore|iPhoneSimulator.Deploy.0 = Release|x86
		{27F3D2A8-6180-472B-BE99-7AFCFE9F0304}.AppStore|x64.ActiveCfg = Release|x64
		{27F3D2A8-6180-472B-BE99-7AFCFE9F0304}.AppStore|x64.Build.0 = Release|x64
		{27F3D2A8-6180-472B-BE99-7AFCFE9F0304}.AppStore|x64.Deploy.0 = Release|x64
		{27F3D2A8-6180-472B-BE99-7AFCFE9F0304}.AppStore|x86.ActiveCfg = Release|x86
		{27F3D2A8-6180-472B-BE99-7AFCFE9F0304}.AppStore|x86.Build.0 = Release|x86
		{27F3D2A8-6180-472B-BE99-7AFCFE9F0304}.AppStore|x86.Deploy.0 = Release|x86
		{27F3D2A8-6180-472B-BE99-7AFCFE9F0304}.Debug|Any CPU.ActiveCfg = Debug|x86
		{27F3D2A8-6180-472B-BE99-7AFCFE9F0304}.Debug|ARM.ActiveCfg = Debug|ARM
		{27F3D2A8-6180-472B-BE99-7AFCFE9F0304}.Debug|ARM.Build.0 = Debug|ARM
		{27F3D2A8-6180-472B-BE99-7AFCFE9F0304}.Debug|ARM.Deploy.0 = Debug|ARM
		{27F3D2A8-6180-472B-BE99-7AFCFE9F0304}.Debug|iPhone.ActiveCfg = Debug|x86
		{27F3D2A8-6180-472B-BE99-7AFCFE9F0304}.Debug|iPhoneSimulator.ActiveCfg = Debug|x86
		{27F3D2A8-6180-472B-BE99-7AFCFE9F0304}.Debug|x64.ActiveCfg = Debug|x64
		{27F3D2A8-6180-472B-BE99-7AFCFE9F0304}.Debug|x64.Build.0 = Debug|x64
		{27F3D2A8-6180-472B-BE99-7AFCFE9F0304}.Debug|x64.Deploy.0 = Debug|x64
		{27F3D2A8-6180-472B-BE99-7AFCFE9F0304}.Debug|x86.ActiveCfg = Debug|x86
		{27F3D2A8-6180-472B-BE99-7AFCFE9F0304}.Debug|x86.Build.0 = Debug|x86
		{27F3D2A8-6180-472B-BE99-7AFCFE9F0304}.Debug|x86.Deploy.0 = Debug|x86
		{27F3D2A8-6180-472B-BE99-7AFCFE9F0304}.Release|Any CPU.ActiveCfg = Release|x86
		{27F3D2A8-6180-472B-BE99-7AFCFE9F0304}.Release|ARM.ActiveCfg = Release|ARM
		{27F3D2A8-6180-472B-BE99-7AFCFE9F0304}.Release|ARM.Build.0 = Release|ARM
		{27F3D2A8-6180-472B-BE99-7AFCFE9F0304}.Release|ARM.Deploy.0 = Release|ARM
		{27F3D2A8-6180-472B-BE99-7AFCFE9F0304}.Release|iPhone.ActiveCfg = Release|x86
		{27F3D2A8-6180-472B-BE99-7AFCFE9F0304}.Release|iPhoneSimulator.ActiveCfg = Release|x86
		{27F3D2A8-6180-472B-BE99-7AFCFE9F0304}.Release|x64.ActiveCfg = Release|x64
		{27F3D2A8-6180-472B-BE99-7AFCFE9F0304}.Release|x64.Build.0 = Release|x64
		{27F3D2A8-6180-472B-BE99-7AFCFE9F0304}.Release|x64.Deploy.0 = Release|x64
		{27F3D2A8-6180-472B-BE99-7AFCFE9F0304}.Release|x86.ActiveCfg = Release|x86
		{27F3D2A8-6180-472B-BE99-7AFCFE9F0304}.Release|x86.Build.0 = Release|x86
		{27F3D2A8-6180-472B-BE99-7AFCFE9F0304}.Release|x86.Deploy.0 = Release|x86
		{ED87FBEC-9D73-441C-93BA-B014C3A2C914}.Ad-Hoc|Any CPU.ActiveCfg = Release|Any CPU
		{ED87FBEC-9D73-441C-93BA-B014C3A2C914}.Ad-Hoc|Any CPU.Build.0 = Release|Any CPU
		{ED87FBEC-9D73-441C-93BA-B014C3A2C914}.Ad-Hoc|Any CPU.Deploy.0 = Release|Any CPU
		{ED87FBEC-9D73-441C-93BA-B014C3A2C914}.Ad-Hoc|ARM.ActiveCfg = Release|ARM
		{ED87FBEC-9D73-441C-93BA-B014C3A2C914}.Ad-Hoc|ARM.Build.0 = Release|ARM
		{ED87FBEC-9D73-441C-93BA-B014C3A2C914}.Ad-Hoc|ARM.Deploy.0 = Release|ARM
		{ED87FBEC-9D73-441C-93BA-B014C3A2C914}.Ad-Hoc|iPhone.ActiveCfg = Release|Any CPU
		{ED87FBEC-9D73-441C-93BA-B014C3A2C914}.Ad-Hoc|iPhone.Build.0 = Release|Any CPU
		{ED87FBEC-9D73-441C-93BA-B014C3A2C914}.Ad-Hoc|iPhone.Deploy.0 = Release|Any CPU
		{ED87FBEC-9D73-441C-93BA-B014C3A2C914}.Ad-Hoc|iPhoneSimulator.ActiveCfg = Release|Any CPU
		{ED87FBEC-9D73-441C-93BA-B014C3A2C914}.Ad-Hoc|iPhoneSimulator.Build.0 = Release|Any CPU
		{ED87FBEC-9D73-441C-93BA-B014C3A2C914}.Ad-Hoc|iPhoneSimulator.Deploy.0 = Release|Any CPU
		{ED87FBEC-9D73-441C-93BA-B014C3A2C914}.Ad-Hoc|x64.ActiveCfg = Release|x64
		{ED87FBEC-9D73-441C-93BA-B014C3A2C914}.Ad-Hoc|x64.Build.0 = Release|x64
		{ED87FBEC-9D73-441C-93BA-B014C3A2C914}.Ad-Hoc|x64.Deploy.0 = Release|x64
		{ED87FBEC-9D73-441C-93BA-B014C3A2C914}.Ad-Hoc|x86.ActiveCfg = Release|x86
		{ED87FBEC-9D73-441C-93BA-B014C3A2C914}.Ad-Hoc|x86.Build.0 = Release|x86
		{ED87FBEC-9D73-441C-93BA-B014C3A2C914}.Ad-Hoc|x86.Deploy.0 = Release|x86
		{ED87FBEC-9D73-441C-93BA-B014C3A2C914}.AppStore|Any CPU.ActiveCfg = Release|Any CPU
		{ED87FBEC-9D73-441C-93BA-B014C3A2C914}.AppStore|Any CPU.Build.0 = Release|Any CPU
		{ED87FBEC-9D73-441C-93BA-B014C3A2C914}.AppStore|Any CPU.Deploy.0 = Release|Any CPU
		{ED87FBEC-9D73-441C-93BA-B014C3A2C914}.AppStore|ARM.ActiveCfg = Release|ARM
		{ED87FBEC-9D73-441C-93BA-B014C3A2C914}.AppStore|ARM.Build.0 = Release|ARM
		{ED87FBEC-9D73-441C-93BA-B014C3A2C914}.AppStore|ARM.Deploy.0 = Release|ARM
		{ED87FBEC-9D73-441C-93BA-B014C3A2C914}.AppStore|iPhone.ActiveCfg = Release|Any CPU
		{ED87FBEC-9D73-441C-93BA-B014C3A2C914}.AppStore|iPhone.Build.0 = Release|Any CPU
		{ED87FBEC-9D73-441C-93BA-B014C3A2C914}.AppStore|iPhone.Deploy.0 = Release|Any CPU
		{ED87FBEC-9D73-441C-93BA-B014C3A2C914}.AppStore|iPhoneSimulator.ActiveCfg = Release|Any CPU
		{ED87FBEC-9D73-441C-93BA-B014C3A2C914}.AppStore|iPhoneSimulator.Build.0 = Release|Any CPU
		{ED87FBEC-9D73-441C-93BA-B014C3A2C914}.AppStore|iPhoneSimulator.Deploy.0 = Release|Any CPU
		{ED87FBEC-9D73-441C-93BA-B014C3A2C914}.AppStore|x64.ActiveCfg = Release|x64
		{ED87FBEC-9D73-441C-93BA-B014C3A2C914}.AppStore|x64.Build.0 = Release|x64
		{ED87FBEC-9D73-441C-93BA-B014C3A2C914}.AppStore|x64.Deploy.0 = Release|x64
		{ED87FBEC-9D73-441C-93BA-B014C3A2C914}.AppStore|x86.ActiveCfg = Release|x86
		{ED87FBEC-9D73-441C-93BA-B014C3A2C914}.AppStore|x86.Build.0 = Release|x86
		{ED87FBEC-9D73-441C-93BA-B014C3A2C914}.AppStore|x86.Deploy.0 = Release|x86
		{ED87FBEC-9D73-441C-93BA-B014C3A2C914}.Debug|Any CPU.ActiveCfg = Debug|Any CPU
		{ED87FBEC-9D73-441C-93BA-B014C3A2C914}.Debug|Any CPU.Build.0 = Debug|Any CPU
		{ED87FBEC-9D73-441C-93BA-B014C3A2C914}.Debug|Any CPU.Deploy.0 = Debug|Any CPU
		{ED87FBEC-9D73-441C-93BA-B014C3A2C914}.Debug|ARM.ActiveCfg = Debug|ARM
		{ED87FBEC-9D73-441C-93BA-B014C3A2C914}.Debug|ARM.Build.0 = Debug|ARM
		{ED87FBEC-9D73-441C-93BA-B014C3A2C914}.Debug|ARM.Deploy.0 = Debug|ARM
		{ED87FBEC-9D73-441C-93BA-B014C3A2C914}.Debug|iPhone.ActiveCfg = Debug|Any CPU
		{ED87FBEC-9D73-441C-93BA-B014C3A2C914}.Debug|iPhone.Build.0 = Debug|Any CPU
		{ED87FBEC-9D73-441C-93BA-B014C3A2C914}.Debug|iPhone.Deploy.0 = Debug|Any CPU
		{ED87FBEC-9D73-441C-93BA-B014C3A2C914}.Debug|iPhoneSimulator.ActiveCfg = Debug|Any CPU
		{ED87FBEC-9D73-441C-93BA-B014C3A2C914}.Debug|iPhoneSimulator.Build.0 = Debug|Any CPU
		{ED87FBEC-9D73-441C-93BA-B014C3A2C914}.Debug|iPhoneSimulator.Deploy.0 = Debug|Any CPU
		{ED87FBEC-9D73-441C-93BA-B014C3A2C914}.Debug|x64.ActiveCfg = Debug|x64
		{ED87FBEC-9D73-441C-93BA-B014C3A2C914}.Debug|x64.Build.0 = Debug|x64
		{ED87FBEC-9D73-441C-93BA-B014C3A2C914}.Debug|x64.Deploy.0 = Debug|x64
		{ED87FBEC-9D73-441C-93BA-B014C3A2C914}.Debug|x86.ActiveCfg = Debug|x86
		{ED87FBEC-9D73-441C-93BA-B014C3A2C914}.Debug|x86.Build.0 = Debug|x86
		{ED87FBEC-9D73-441C-93BA-B014C3A2C914}.Debug|x86.Deploy.0 = Debug|x86
		{ED87FBEC-9D73-441C-93BA-B014C3A2C914}.Release|Any CPU.ActiveCfg = Release|Any CPU
		{ED87FBEC-9D73-441C-93BA-B014C3A2C914}.Release|Any CPU.Build.0 = Release|Any CPU
		{ED87FBEC-9D73-441C-93BA-B014C3A2C914}.Release|Any CPU.Deploy.0 = Release|Any CPU
		{ED87FBEC-9D73-441C-93BA-B014C3A2C914}.Release|ARM.ActiveCfg = Release|ARM
		{ED87FBEC-9D73-441C-93BA-B014C3A2C914}.Release|ARM.Build.0 = Release|ARM
		{ED87FBEC-9D73-441C-93BA-B014C3A2C914}.Release|ARM.Deploy.0 = Release|ARM
		{ED87FBEC-9D73-441C-93BA-B014C3A2C914}.Release|iPhone.ActiveCfg = Release|Any CPU
		{ED87FBEC-9D73-441C-93BA-B014C3A2C914}.Release|iPhone.Build.0 = Release|Any CPU
		{ED87FBEC-9D73-441C-93BA-B014C3A2C914}.Release|iPhone.Deploy.0 = Release|Any CPU
		{ED87FBEC-9D73-441C-93BA-B014C3A2C914}.Release|iPhoneSimulator.ActiveCfg = Release|Any CPU
		{ED87FBEC-9D73-441C-93BA-B014C3A2C914}.Release|iPhoneSimulator.Build.0 = Release|Any CPU
		{ED87FBEC-9D73-441C-93BA-B014C3A2C914}.Release|iPhoneSimulator.Deploy.0 = Release|Any CPU
		{ED87FBEC-9D73-441C-93BA-B014C3A2C914}.Release|x64.ActiveCfg = Release|x64
		{ED87FBEC-9D73-441C-93BA-B014C3A2C914}.Release|x64.Build.0 = Release|x64
		{ED87FBEC-9D73-441C-93BA-B014C3A2C914}.Release|x64.Deploy.0 = Release|x64
		{ED87FBEC-9D73-441C-93BA-B014C3A2C914}.Release|x86.ActiveCfg = Release|x86
		{ED87FBEC-9D73-441C-93BA-B014C3A2C914}.Release|x86.Build.0 = Release|x86
		{ED87FBEC-9D73-441C-93BA-B014C3A2C914}.Release|x86.Deploy.0 = Release|x86
		{5084D238-2850-48E3-882F-A4D519F903E5}.Ad-Hoc|Any CPU.ActiveCfg = Release|Any CPU
		{5084D238-2850-48E3-882F-A4D519F903E5}.Ad-Hoc|Any CPU.Build.0 = Release|Any CPU
		{5084D238-2850-48E3-882F-A4D519F903E5}.Ad-Hoc|ARM.ActiveCfg = Release|Any CPU
		{5084D238-2850-48E3-882F-A4D519F903E5}.Ad-Hoc|ARM.Build.0 = Release|Any CPU
		{5084D238-2850-48E3-882F-A4D519F903E5}.Ad-Hoc|iPhone.ActiveCfg = Release|Any CPU
		{5084D238-2850-48E3-882F-A4D519F903E5}.Ad-Hoc|iPhone.Build.0 = Release|Any CPU
		{5084D238-2850-48E3-882F-A4D519F903E5}.Ad-Hoc|iPhoneSimulator.ActiveCfg = Release|Any CPU
		{5084D238-2850-48E3-882F-A4D519F903E5}.Ad-Hoc|iPhoneSimulator.Build.0 = Release|Any CPU
		{5084D238-2850-48E3-882F-A4D519F903E5}.Ad-Hoc|x64.ActiveCfg = Release|Any CPU
		{5084D238-2850-48E3-882F-A4D519F903E5}.Ad-Hoc|x64.Build.0 = Release|Any CPU
		{5084D238-2850-48E3-882F-A4D519F903E5}.Ad-Hoc|x86.ActiveCfg = Release|Any CPU
		{5084D238-2850-48E3-882F-A4D519F903E5}.Ad-Hoc|x86.Build.0 = Release|Any CPU
		{5084D238-2850-48E3-882F-A4D519F903E5}.AppStore|Any CPU.ActiveCfg = Release|Any CPU
		{5084D238-2850-48E3-882F-A4D519F903E5}.AppStore|Any CPU.Build.0 = Release|Any CPU
		{5084D238-2850-48E3-882F-A4D519F903E5}.AppStore|ARM.ActiveCfg = Release|Any CPU
		{5084D238-2850-48E3-882F-A4D519F903E5}.AppStore|ARM.Build.0 = Release|Any CPU
		{5084D238-2850-48E3-882F-A4D519F903E5}.AppStore|iPhone.ActiveCfg = Release|Any CPU
		{5084D238-2850-48E3-882F-A4D519F903E5}.AppStore|iPhone.Build.0 = Release|Any CPU
		{5084D238-2850-48E3-882F-A4D519F903E5}.AppStore|iPhoneSimulator.ActiveCfg = Release|Any CPU
		{5084D238-2850-48E3-882F-A4D519F903E5}.AppStore|iPhoneSimulator.Build.0 = Release|Any CPU
		{5084D238-2850-48E3-882F-A4D519F903E5}.AppStore|x64.ActiveCfg = Release|Any CPU
		{5084D238-2850-48E3-882F-A4D519F903E5}.AppStore|x64.Build.0 = Release|Any CPU
		{5084D238-2850-48E3-882F-A4D519F903E5}.AppStore|x86.ActiveCfg = Release|Any CPU
		{5084D238-2850-48E3-882F-A4D519F903E5}.AppStore|x86.Build.0 = Release|Any CPU
		{5084D238-2850-48E3-882F-A4D519F903E5}.Debug|Any CPU.ActiveCfg = Debug|Any CPU
		{5084D238-2850-48E3-882F-A4D519F903E5}.Debug|Any CPU.Build.0 = Debug|Any CPU
		{5084D238-2850-48E3-882F-A4D519F903E5}.Debug|ARM.ActiveCfg = Debug|Any CPU
		{5084D238-2850-48E3-882F-A4D519F903E5}.Debug|ARM.Build.0 = Debug|Any CPU
		{5084D238-2850-48E3-882F-A4D519F903E5}.Debug|iPhone.ActiveCfg = Debug|Any CPU
		{5084D238-2850-48E3-882F-A4D519F903E5}.Debug|iPhone.Build.0 = Debug|Any CPU
		{5084D238-2850-48E3-882F-A4D519F903E5}.Debug|iPhoneSimulator.ActiveCfg = Debug|Any CPU
		{5084D238-2850-48E3-882F-A4D519F903E5}.Debug|iPhoneSimulator.Build.0 = Debug|Any CPU
		{5084D238-2850-48E3-882F-A4D519F903E5}.Debug|x64.ActiveCfg = Debug|Any CPU
		{5084D238-2850-48E3-882F-A4D519F903E5}.Debug|x64.Build.0 = Debug|Any CPU
		{5084D238-2850-48E3-882F-A4D519F903E5}.Debug|x86.ActiveCfg = Debug|Any CPU
		{5084D238-2850-48E3-882F-A4D519F903E5}.Debug|x86.Build.0 = Debug|Any CPU
		{5084D238-2850-48E3-882F-A4D519F903E5}.Release|Any CPU.ActiveCfg = Release|Any CPU
		{5084D238-2850-48E3-882F-A4D519F903E5}.Release|Any CPU.Build.0 = Release|Any CPU
		{5084D238-2850-48E3-882F-A4D519F903E5}.Release|ARM.ActiveCfg = Release|Any CPU
		{5084D238-2850-48E3-882F-A4D519F903E5}.Release|ARM.Build.0 = Release|Any CPU
		{5084D238-2850-48E3-882F-A4D519F903E5}.Release|iPhone.ActiveCfg = Release|Any CPU
		{5084D238-2850-48E3-882F-A4D519F903E5}.Release|iPhone.Build.0 = Release|Any CPU
		{5084D238-2850-48E3-882F-A4D519F903E5}.Release|iPhoneSimulator.ActiveCfg = Release|Any CPU
		{5084D238-2850-48E3-882F-A4D519F903E5}.Release|iPhoneSimulator.Build.0 = Release|Any CPU
		{5084D238-2850-48E3-882F-A4D519F903E5}.Release|x64.ActiveCfg = Release|Any CPU
		{5084D238-2850-48E3-882F-A4D519F903E5}.Release|x64.Build.0 = Release|Any CPU
		{5084D238-2850-48E3-882F-A4D519F903E5}.Release|x86.ActiveCfg = Release|Any CPU
		{5084D238-2850-48E3-882F-A4D519F903E5}.Release|x86.Build.0 = Release|Any CPU
	EndGlobalSection
	GlobalSection(SolutionProperties) = preSolution
		HideSolutionNode = FALSE
	EndGlobalSection
EndGlobal
